// !$*UTF8*$!
{
	archiveVersion = 1;
	classes = {
	};
	objectVersion = 50;
	objects = {

/* Begin PBXBuildFile section */
		7D01AF2723DEC72B00E18BA0 /* AppDelegate.swift in Sources */ = {isa = PBXBuildFile; fileRef = 7D01AF2623DEC72B00E18BA0 /* AppDelegate.swift */; };
		7D01AF2923DEC72B00E18BA0 /* SceneDelegate.swift in Sources */ = {isa = PBXBuildFile; fileRef = 7D01AF2823DEC72B00E18BA0 /* SceneDelegate.swift */; };
		7D01AF2B23DEC72B00E18BA0 /* ViewController.swift in Sources */ = {isa = PBXBuildFile; fileRef = 7D01AF2A23DEC72B00E18BA0 /* ViewController.swift */; };
		7D01AF2E23DEC72B00E18BA0 /* Main.storyboard in Resources */ = {isa = PBXBuildFile; fileRef = 7D01AF2C23DEC72B00E18BA0 /* Main.storyboard */; };
		7D01AF3023DEC72E00E18BA0 /* Assets.xcassets in Resources */ = {isa = PBXBuildFile; fileRef = 7D01AF2F23DEC72E00E18BA0 /* Assets.xcassets */; };
		7D01AF3323DEC72E00E18BA0 /* LaunchScreen.storyboard in Resources */ = {isa = PBXBuildFile; fileRef = 7D01AF3123DEC72E00E18BA0 /* LaunchScreen.storyboard */; };
		7D01AF3E23DEC72E00E18BA0 /* TipCalcTests.swift in Sources */ = {isa = PBXBuildFile; fileRef = 7D01AF3D23DEC72E00E18BA0 /* TipCalcTests.swift */; };
		7D01AF4923DEC72E00E18BA0 /* TipCalcUITests.swift in Sources */ = {isa = PBXBuildFile; fileRef = 7D01AF4823DEC72E00E18BA0 /* TipCalcUITests.swift */; };
/* End PBXBuildFile section */

/* Begin PBXContainerItemProxy section */
		7D01AF3A23DEC72E00E18BA0 /* PBXContainerItemProxy */ = {
			isa = PBXContainerItemProxy;
			containerPortal = 7D01AF1B23DEC72B00E18BA0 /* Project object */;
			proxyType = 1;
			remoteGlobalIDString = 7D01AF2223DEC72B00E18BA0;
			remoteInfo = TipCalc;
		};
		7D01AF4523DEC72E00E18BA0 /* PBXContainerItemProxy */ = {
			isa = PBXContainerItemProxy;
			containerPortal = 7D01AF1B23DEC72B00E18BA0 /* Project object */;
			proxyType = 1;
			remoteGlobalIDString = 7D01AF2223DEC72B00E18BA0;
			remoteInfo = TipCalc;
		};
/* End PBXContainerItemProxy section */

/* Begin PBXFileReference section */
		7D01AF2323DEC72B00E18BA0 /* TipCalc.app */ = {isa = PBXFileReference; explicitFileType = wrapper.application; includeInIndex = 0; path = TipCalc.app; sourceTree = BUILT_PRODUCTS_DIR; };
		7D01AF2623DEC72B00E18BA0 /* AppDelegate.swift */ = {isa = PBXFileReference; lastKnownFileType = sourcecode.swift; path = AppDelegate.swift; sourceTree = "<group>"; };
		7D01AF2823DEC72B00E18BA0 /* SceneDelegate.swift */ = {isa = PBXFileReference; lastKnownFileType = sourcecode.swift; path = SceneDelegate.swift; sourceTree = "<group>"; };
		7D01AF2A23DEC72B00E18BA0 /* ViewController.swift */ = {isa = PBXFileReference; lastKnownFileType = sourcecode.swift; path = ViewController.swift; sourceTree = "<group>"; };
		7D01AF2D23DEC72B00E18BA0 /* Base */ = {isa = PBXFileReference; lastKnownFileType = file.storyboard; name = Base; path = Base.lproj/Main.storyboard; sourceTree = "<group>"; };
		7D01AF2F23DEC72E00E18BA0 /* Assets.xcassets */ = {isa = PBXFileReference; lastKnownFileType = folder.assetcatalog; path = Assets.xcassets; sourceTree = "<group>"; };
		7D01AF3223DEC72E00E18BA0 /* Base */ = {isa = PBXFileReference; lastKnownFileType = file.storyboard; name = Base; path = Base.lproj/LaunchScreen.storyboard; sourceTree = "<group>"; };
		7D01AF3423DEC72E00E18BA0 /* Info.plist */ = {isa = PBXFileReference; lastKnownFileType = text.plist.xml; path = Info.plist; sourceTree = "<group>"; };
		7D01AF3923DEC72E00E18BA0 /* TipCalcTests.xctest */ = {isa = PBXFileReference; explicitFileType = wrapper.cfbundle; includeInIndex = 0; path = TipCalcTests.xctest; sourceTree = BUILT_PRODUCTS_DIR; };
		7D01AF3D23DEC72E00E18BA0 /* TipCalcTests.swift */ = {isa = PBXFileReference; lastKnownFileType = sourcecode.swift; path = TipCalcTests.swift; sourceTree = "<group>"; };
		7D01AF3F23DEC72E00E18BA0 /* Info.plist */ = {isa = PBXFileReference; lastKnownFileType = text.plist.xml; path = Info.plist; sourceTree = "<group>"; };
		7D01AF4423DEC72E00E18BA0 /* TipCalcUITests.xctest */ = {isa = PBXFileReference; explicitFileType = wrapper.cfbundle; includeInIndex = 0; path = TipCalcUITests.xctest; sourceTree = BUILT_PRODUCTS_DIR; };
		7D01AF4823DEC72E00E18BA0 /* TipCalcUITests.swift */ = {isa = PBXFileReference; lastKnownFileType = sourcecode.swift; path = TipCalcUITests.swift; sourceTree = "<group>"; };
		7D01AF4A23DEC72E00E18BA0 /* Info.plist */ = {isa = PBXFileReference; lastKnownFileType = text.plist.xml; path = Info.plist; sourceTree = "<group>"; };
/* End PBXFileReference section */

/* Begin PBXFrameworksBuildPhase section */
		7D01AF2023DEC72B00E18BA0 /* Frameworks */ = {
			isa = PBXFrameworksBuildPhase;
			buildActionMask = 2147483647;
			files = (
			);
			runOnlyForDeploymentPostprocessing = 0;
		};
		7D01AF3623DEC72E00E18BA0 /* Frameworks */ = {
			isa = PBXFrameworksBuildPhase;
			buildActionMask = 2147483647;
			files = (
			);
			runOnlyForDeploymentPostprocessing = 0;
		};
		7D01AF4123DEC72E00E18BA0 /* Frameworks */ = {
			isa = PBXFrameworksBuildPhase;
			buildActionMask = 2147483647;
			files = (
			);
			runOnlyForDeploymentPostprocessing = 0;
		};
/* End PBXFrameworksBuildPhase section */

/* Begin PBXGroup section */
		7D01AF1A23DEC72B00E18BA0 = {
			isa = PBXGroup;
			children = (
				7D01AF2523DEC72B00E18BA0 /* TipCalc */,
				7D01AF3C23DEC72E00E18BA0 /* TipCalcTests */,
				7D01AF4723DEC72E00E18BA0 /* TipCalcUITests */,
				7D01AF2423DEC72B00E18BA0 /* Products */,
			);
			sourceTree = "<group>";
		};
		7D01AF2423DEC72B00E18BA0 /* Products */ = {
			isa = PBXGroup;
			children = (
				7D01AF2323DEC72B00E18BA0 /* TipCalc.app */,
				7D01AF3923DEC72E00E18BA0 /* TipCalcTests.xctest */,
				7D01AF4423DEC72E00E18BA0 /* TipCalcUITests.xctest */,
			);
			name = Products;
			sourceTree = "<group>";
		};
		7D01AF2523DEC72B00E18BA0 /* TipCalc */ = {
			isa = PBXGroup;
			children = (
				7D01AF2623DEC72B00E18BA0 /* AppDelegate.swift */,
				7D01AF2823DEC72B00E18BA0 /* SceneDelegate.swift */,
				7D01AF2A23DEC72B00E18BA0 /* ViewController.swift */,
				7D01AF2C23DEC72B00E18BA0 /* Main.storyboard */,
				7D01AF2F23DEC72E00E18BA0 /* Assets.xcassets */,
				7D01AF3123DEC72E00E18BA0 /* LaunchScreen.storyboard */,
				7D01AF3423DEC72E00E18BA0 /* Info.plist */,
			);
			path = TipCalc;
			sourceTree = "<group>";
		};
		7D01AF3C23DEC72E00E18BA0 /* TipCalcTests */ = {
			isa = PBXGroup;
			children = (
				7D01AF3D23DEC72E00E18BA0 /* TipCalcTests.swift */,
				7D01AF3F23DEC72E00E18BA0 /* Info.plist */,
			);
			path = TipCalcTests;
			sourceTree = "<group>";
		};
		7D01AF4723DEC72E00E18BA0 /* TipCalcUITests */ = {
			isa = PBXGroup;
			children = (
				7D01AF4823DEC72E00E18BA0 /* TipCalcUITests.swift */,
				7D01AF4A23DEC72E00E18BA0 /* Info.plist */,
			);
			path = TipCalcUITests;
			sourceTree = "<group>";
		};
/* End PBXGroup section */

/* Begin PBXNativeTarget section */
		7D01AF2223DEC72B00E18BA0 /* TipCalc */ = {
			isa = PBXNativeTarget;
			buildConfigurationList = 7D01AF4D23DEC72E00E18BA0 /* Build configuration list for PBXNativeTarget "TipCalc" */;
			buildPhases = (
				7D01AF1F23DEC72B00E18BA0 /* Sources */,
				7D01AF2023DEC72B00E18BA0 /* Frameworks */,
				7D01AF2123DEC72B00E18BA0 /* Resources */,
			);
			buildRules = (
			);
			dependencies = (
			);
			name = TipCalc;
			productName = TipCalc;
			productReference = 7D01AF2323DEC72B00E18BA0 /* TipCalc.app */;
			productType = "com.apple.product-type.application";
		};
		7D01AF3823DEC72E00E18BA0 /* TipCalcTests */ = {
			isa = PBXNativeTarget;
			buildConfigurationList = 7D01AF5023DEC72E00E18BA0 /* Build configuration list for PBXNativeTarget "TipCalcTests" */;
			buildPhases = (
				7D01AF3523DEC72E00E18BA0 /* Sources */,
				7D01AF3623DEC72E00E18BA0 /* Frameworks */,
				7D01AF3723DEC72E00E18BA0 /* Resources */,
			);
			buildRules = (
			);
			dependencies = (
				7D01AF3B23DEC72E00E18BA0 /* PBXTargetDependency */,
			);
			name = TipCalcTests;
			productName = TipCalcTests;
			productReference = 7D01AF3923DEC72E00E18BA0 /* TipCalcTests.xctest */;
			productType = "com.apple.product-type.bundle.unit-test";
		};
		7D01AF4323DEC72E00E18BA0 /* TipCalcUITests */ = {
			isa = PBXNativeTarget;
			buildConfigurationList = 7D01AF5323DEC72E00E18BA0 /* Build configuration list for PBXNativeTarget "TipCalcUITests" */;
			buildPhases = (
				7D01AF4023DEC72E00E18BA0 /* Sources */,
				7D01AF4123DEC72E00E18BA0 /* Frameworks */,
				7D01AF4223DEC72E00E18BA0 /* Resources */,
			);
			buildRules = (
			);
			dependencies = (
				7D01AF4623DEC72E00E18BA0 /* PBXTargetDependency */,
			);
			name = TipCalcUITests;
			productName = TipCalcUITests;
			productReference = 7D01AF4423DEC72E00E18BA0 /* TipCalcUITests.xctest */;
			productType = "com.apple.product-type.bundle.ui-testing";
		};
/* End PBXNativeTarget section */

/* Begin PBXProject section */
		7D01AF1B23DEC72B00E18BA0 /* Project object */ = {
			isa = PBXProject;
			attributes = {
				LastSwiftUpdateCheck = 1130;
				LastUpgradeCheck = 1130;
				ORGANIZATIONNAME = "Jorge Salas";
				TargetAttributes = {
					7D01AF2223DEC72B00E18BA0 = {
						CreatedOnToolsVersion = 11.3;
					};
					7D01AF3823DEC72E00E18BA0 = {
						CreatedOnToolsVersion = 11.3;
						TestTargetID = 7D01AF2223DEC72B00E18BA0;
					};
					7D01AF4323DEC72E00E18BA0 = {
						CreatedOnToolsVersion = 11.3;
						TestTargetID = 7D01AF2223DEC72B00E18BA0;
					};
				};
			};
			buildConfigurationList = 7D01AF1E23DEC72B00E18BA0 /* Build configuration list for PBXProject "TipCalc" */;
			compatibilityVersion = "Xcode 9.3";
			developmentRegion = en;
			hasScannedForEncodings = 0;
			knownRegions = (
				en,
				Base,
			);
			mainGroup = 7D01AF1A23DEC72B00E18BA0;
			productRefGroup = 7D01AF2423DEC72B00E18BA0 /* Products */;
			projectDirPath = "";
			projectRoot = "";
			targets = (
				7D01AF2223DEC72B00E18BA0 /* TipCalc */,
				7D01AF3823DEC72E00E18BA0 /* TipCalcTests */,
				7D01AF4323DEC72E00E18BA0 /* TipCalcUITests */,
			);
		};
/* End PBXProject section */

/* Begin PBXResourcesBuildPhase section */
		7D01AF2123DEC72B00E18BA0 /* Resources */ = {
			isa = PBXResourcesBuildPhase;
			buildActionMask = 2147483647;
			files = (
				7D01AF3323DEC72E00E18BA0 /* LaunchScreen.storyboard in Resources */,
				7D01AF3023DEC72E00E18BA0 /* Assets.xcassets in Resources */,
				7D01AF2E23DEC72B00E18BA0 /* Main.storyboard in Resources */,
			);
			runOnlyForDeploymentPostprocessing = 0;
		};
		7D01AF3723DEC72E00E18BA0 /* Resources */ = {
			isa = PBXResourcesBuildPhase;
			buildActionMask = 2147483647;
			files = (
			);
			runOnlyForDeploymentPostprocessing = 0;
		};
		7D01AF4223DEC72E00E18BA0 /* Resources */ = {
			isa = PBXResourcesBuildPhase;
			buildActionMask = 2147483647;
			files = (
			);
			runOnlyForDeploymentPostprocessing = 0;
		};
/* End PBXResourcesBuildPhase section */

/* Begin PBXSourcesBuildPhase section */
		7D01AF1F23DEC72B00E18BA0 /* Sources */ = {
			isa = PBXSourcesBuildPhase;
			buildActionMask = 2147483647;
			files = (
				7D01AF2B23DEC72B00E18BA0 /* ViewController.swift in Sources */,
				7D01AF2723DEC72B00E18BA0 /* AppDelegate.swift in Sources */,
				7D01AF2923DEC72B00E18BA0 /* SceneDelegate.swift in Sources */,
			);
			runOnlyForDeploymentPostprocessing = 0;
		};
		7D01AF3523DEC72E00E18BA0 /* Sources */ = {
			isa = PBXSourcesBuildPhase;
			buildActionMask = 2147483647;
			files = (
				7D01AF3E23DEC72E00E18BA0 /* TipCalcTests.swift in Sources */,
			);
			runOnlyForDeploymentPostprocessing = 0;
		};
		7D01AF4023DEC72E00E18BA0 /* Sources */ = {
			isa = PBXSourcesBuildPhase;
			buildActionMask = 2147483647;
			files = (
				7D01AF4923DEC72E00E18BA0 /* TipCalcUITests.swift in Sources */,
			);
			runOnlyForDeploymentPostprocessing = 0;
		};
/* End PBXSourcesBuildPhase section */

/* Begin PBXTargetDependency section */
		7D01AF3B23DEC72E00E18BA0 /* PBXTargetDependency */ = {
			isa = PBXTargetDependency;
			target = 7D01AF2223DEC72B00E18BA0 /* TipCalc */;
			targetProxy = 7D01AF3A23DEC72E00E18BA0 /* PBXContainerItemProxy */;
		};
		7D01AF4623DEC72E00E18BA0 /* PBXTargetDependency */ = {
			isa = PBXTargetDependency;
			target = 7D01AF2223DEC72B00E18BA0 /* TipCalc */;
			targetProxy = 7D01AF4523DEC72E00E18BA0 /* PBXContainerItemProxy */;
		};
/* End PBXTargetDependency section */

/* Begin PBXVariantGroup section */
		7D01AF2C23DEC72B00E18BA0 /* Main.storyboard */ = {
			isa = PBXVariantGroup;
			children = (
				7D01AF2D23DEC72B00E18BA0 /* Base */,
			);
			name = Main.storyboard;
			sourceTree = "<group>";
		};
		7D01AF3123DEC72E00E18BA0 /* LaunchScreen.storyboard */ = {
			isa = PBXVariantGroup;
			children = (
				7D01AF3223DEC72E00E18BA0 /* Base */,
			);
			name = LaunchScreen.storyboard;
			sourceTree = "<group>";
		};
/* End PBXVariantGroup section */

/* Begin XCBuildConfiguration section */
		7D01AF4B23DEC72E00E18BA0 /* Debug */ = {
			isa = XCBuildConfiguration;
			buildSettings = {
				ALWAYS_SEARCH_USER_PATHS = NO;
				CLANG_ANALYZER_NONNULL = YES;
				CLANG_ANALYZER_NUMBER_OBJECT_CONVERSION = YES_AGGRESSIVE;
				CLANG_CXX_LANGUAGE_STANDARD = "gnu++14";
				CLANG_CXX_LIBRARY = "libc++";
				CLANG_ENABLE_MODULES = YES;
				CLANG_ENABLE_OBJC_ARC = YES;
				CLANG_ENABLE_OBJC_WEAK = YES;
				CLANG_WARN_BLOCK_CAPTURE_AUTORELEASING = YES;
				CLANG_WARN_BOOL_CONVERSION = YES;
				CLANG_WARN_COMMA = YES;
				CLANG_WARN_CONSTANT_CONVERSION = YES;
				CLANG_WARN_DEPRECATED_OBJC_IMPLEMENTATIONS = YES;
				CLANG_WARN_DIRECT_OBJC_ISA_USAGE = YES_ERROR;
				CLANG_WARN_DOCUMENTATION_COMMENTS = YES;
				CLANG_WARN_EMPTY_BODY = YES;
				CLANG_WARN_ENUM_CONVERSION = YES;
				CLANG_WARN_INFINITE_RECURSION = YES;
				CLANG_WARN_INT_CONVERSION = YES;
				CLANG_WARN_NON_LITERAL_NULL_CONVERSION = YES;
				CLANG_WARN_OBJC_IMPLICIT_RETAIN_SELF = YES;
				CLANG_WARN_OBJC_LITERAL_CONVERSION = YES;
				CLANG_WARN_OBJC_ROOT_CLASS = YES_ERROR;
				CLANG_WARN_RANGE_LOOP_ANALYSIS = YES;
				CLANG_WARN_STRICT_PROTOTYPES = YES;
				CLANG_WARN_SUSPICIOUS_MOVE = YES;
				CLANG_WARN_UNGUARDED_AVAILABILITY = YES_AGGRESSIVE;
				CLANG_WARN_UNREACHABLE_CODE = YES;
				CLANG_WARN__DUPLICATE_METHOD_MATCH = YES;
				COPY_PHASE_STRIP = NO;
				DEBUG_INFORMATION_FORMAT = dwarf;
				ENABLE_STRICT_OBJC_MSGSEND = YES;
				ENABLE_TESTABILITY = YES;
				GCC_C_LANGUAGE_STANDARD = gnu11;
				GCC_DYNAMIC_NO_PIC = NO;
				GCC_NO_COMMON_BLOCKS = YES;
				GCC_OPTIMIZATION_LEVEL = 0;
				GCC_PREPROCESSOR_DEFINITIONS = (
					"DEBUG=1",
					"$(inherited)",
				);
				GCC_WARN_64_TO_32_BIT_CONVERSION = YES;
				GCC_WARN_ABOUT_RETURN_TYPE = YES_ERROR;
				GCC_WARN_UNDECLARED_SELECTOR = YES;
				GCC_WARN_UNINITIALIZED_AUTOS = YES_AGGRESSIVE;
				GCC_WARN_UNUSED_FUNCTION = YES;
				GCC_WARN_UNUSED_VARIABLE = YES;
				IPHONEOS_DEPLOYMENT_TARGET = 13.2;
				MTL_ENABLE_DEBUG_INFO = INCLUDE_SOURCE;
				MTL_FAST_MATH = YES;
				ONLY_ACTIVE_ARCH = YES;
				SDKROOT = iphoneos;
				SWIFT_ACTIVE_COMPILATION_CONDITIONS = DEBUG;
				SWIFT_OPTIMIZATION_LEVEL = "-Onone";
			};
			name = Debug;
		};
		7D01AF4C23DEC72E00E18BA0 /* Release */ = {
			isa = XCBuildConfiguration;
			buildSettings = {
				ALWAYS_SEARCH_USER_PATHS = NO;
				CLANG_ANALYZER_NONNULL = YES;
				CLANG_ANALYZER_NUMBER_OBJECT_CONVERSION = YES_AGGRESSIVE;
				CLANG_CXX_LANGUAGE_STANDARD = "gnu++14";
				CLANG_CXX_LIBRARY = "libc++";
				CLANG_ENABLE_MODULES = YES;
				CLANG_ENABLE_OBJC_ARC = YES;
				CLANG_ENABLE_OBJC_WEAK = YES;
				CLANG_WARN_BLOCK_CAPTURE_AUTORELEASING = YES;
				CLANG_WARN_BOOL_CONVERSION = YES;
				CLANG_WARN_COMMA = YES;
				CLANG_WARN_CONSTANT_CONVERSION = YES;
				CLANG_WARN_DEPRECATED_OBJC_IMPLEMENTATIONS = YES;
				CLANG_WARN_DIRECT_OBJC_ISA_USAGE = YES_ERROR;
				CLANG_WARN_DOCUMENTATION_COMMENTS = YES;
				CLANG_WARN_EMPTY_BODY = YES;
				CLANG_WARN_ENUM_CONVERSION = YES;
				CLANG_WARN_INFINITE_RECURSION = YES;
				CLANG_WARN_INT_CONVERSION = YES;
				CLANG_WARN_NON_LITERAL_NULL_CONVERSION = YES;
				CLANG_WARN_OBJC_IMPLICIT_RETAIN_SELF = YES;
				CLANG_WARN_OBJC_LITERAL_CONVERSION = YES;
				CLANG_WARN_OBJC_ROOT_CLASS = YES_ERROR;
				CLANG_WARN_RANGE_LOOP_ANALYSIS = YES;
				CLANG_WARN_STRICT_PROTOTYPES = YES;
				CLANG_WARN_SUSPICIOUS_MOVE = YES;
				CLANG_WARN_UNGUARDED_AVAILABILITY = YES_AGGRESSIVE;
				CLANG_WARN_UNREACHABLE_CODE = YES;
				CLANG_WARN__DUPLICATE_METHOD_MATCH = YES;
				COPY_PHASE_STRIP = NO;
				DEBUG_INFORMATION_FORMAT = "dwarf-with-dsym";
				ENABLE_NS_ASSERTIONS = NO;
				ENABLE_STRICT_OBJC_MSGSEND = YES;
				GCC_C_LANGUAGE_STANDARD = gnu11;
				GCC_NO_COMMON_BLOCKS = YES;
				GCC_WARN_64_TO_32_BIT_CONVERSION = YES;
				GCC_WARN_ABOUT_RETURN_TYPE = YES_ERROR;
				GCC_WARN_UNDECLARED_SELECTOR = YES;
				GCC_WARN_UNINITIALIZED_AUTOS = YES_AGGRESSIVE;
				GCC_WARN_UNUSED_FUNCTION = YES;
				GCC_WARN_UNUSED_VARIABLE = YES;
				IPHONEOS_DEPLOYMENT_TARGET = 13.2;
				MTL_ENABLE_DEBUG_INFO = NO;
				MTL_FAST_MATH = YES;
				SDKROOT = iphoneos;
				SWIFT_COMPILATION_MODE = wholemodule;
				SWIFT_OPTIMIZATION_LEVEL = "-O";
				VALIDATE_PRODUCT = YES;
			};
			name = Release;
		};
		7D01AF4E23DEC72E00E18BA0 /* Debug */ = {
			isa = XCBuildConfiguration;
			buildSettings = {
				ASSETCATALOG_COMPILER_APPICON_NAME = AppIcon;
				CODE_SIGN_STYLE = Automatic;
				INFOPLIST_FILE = TipCalc/Info.plist;
				LD_RUNPATH_SEARCH_PATHS = (
					"$(inherited)",
					"@executable_path/Frameworks",
				);
				PRODUCT_BUNDLE_IDENTIFIER = com.salas.TipCalc;
				PRODUCT_NAME = "$(TARGET_NAME)";
				SWIFT_VERSION = 5.0;
				TARGETED_DEVICE_FAMILY = "1,2";
			};
			name = Debug;
		};
		7D01AF4F23DEC72E00E18BA0 /* Release */ = {
			isa = XCBuildConfiguration;
			buildSettings = {
				ASSETCATALOG_COMPILER_APPICON_NAME = AppIcon;
				CODE_SIGN_STYLE = Automatic;
				INFOPLIST_FILE = TipCalc/Info.plist;
				LD_RUNPATH_SEARCH_PATHS = (
					"$(inherited)",
					"@executable_path/Frameworks",
				);
				PRODUCT_BUNDLE_IDENTIFIER = com.salas.TipCalc;
				PRODUCT_NAME = "$(TARGET_NAME)";
				SWIFT_VERSION = 5.0;
				TARGETED_DEVICE_FAMILY = "1,2";
			};
			name = Release;
		};
		7D01AF5123DEC72E00E18BA0 /* Debug */ = {
			isa = XCBuildConfiguration;
			buildSettings = {
				ALWAYS_EMBED_SWIFT_STANDARD_LIBRARIES = YES;
				BUNDLE_LOADER = "$(TEST_HOST)";
				CODE_SIGN_STYLE = Automatic;
				INFOPLIST_FILE = TipCalcTests/Info.plist;
				IPHONEOS_DEPLOYMENT_TARGET = 13.2;
				LD_RUNPATH_SEARCH_PATHS = (
					"$(inherited)",
					"@executable_path/Frameworks",
					"@loader_path/Frameworks",
				);
				PRODUCT_BUNDLE_IDENTIFIER = com.salas.TipCalcTests;
				PRODUCT_NAME = "$(TARGET_NAME)";
				SWIFT_VERSION = 5.0;
				TARGETED_DEVICE_FAMILY = "1,2";
				TEST_HOST = "$(BUILT_PRODUCTS_DIR)/TipCalc.app/TipCalc";
			};
			name = Debug;
		};
		7D01AF5223DEC72E00E18BA0 /* Release */ = {
			isa = XCBuildConfiguration;
			buildSettings = {
				ALWAYS_EMBED_SWIFT_STANDARD_LIBRARIES = YES;
				BUNDLE_LOADER = "$(TEST_HOST)";
				CODE_SIGN_STYLE = Automatic;
				INFOPLIST_FILE = TipCalcTests/Info.plist;
				IPHONEOS_DEPLOYMENT_TARGET = 13.2;
				LD_RUNPATH_SEARCH_PATHS = (
					"$(inherited)",
					"@executable_path/Frameworks",
					"@loader_path/Frameworks",
				);
				PRODUCT_BUNDLE_IDENTIFIER = com.salas.TipCalcTests;
				PRODUCT_NAME = "$(TARGET_NAME)";
				SWIFT_VERSION = 5.0;
				TARGETED_DEVICE_FAMILY = "1,2";
				TEST_HOST = "$(BUILT_PRODUCTS_DIR)/TipCalc.app/TipCalc";
			};
			name = Release;
		};
		7D01AF5423DEC72E00E18BA0 /* Debug */ = {
			isa = XCBuildConfiguration;
			buildSettings = {
				ALWAYS_EMBED_SWIFT_STANDARD_LIBRARIES = YES;
				CODE_SIGN_STYLE = Automatic;
				INFOPLIST_FILE = TipCalcUITests/Info.plist;
				LD_RUNPATH_SEARCH_PATHS = (
					"$(inherited)",
					"@executable_path/Frameworks",
					"@loader_path/Frameworks",
				);
				PRODUCT_BUNDLE_IDENTIFIER = com.salas.TipCalcUITests;
				PRODUCT_NAME = "$(TARGET_NAME)";
				SWIFT_VERSION = 5.0;
				TARGETED_DEVICE_FAMILY = "1,2";
				TEST_TARGET_NAME = TipCalc;
			};
			name = Debug;
		};
		7D01AF5523DEC72E00E18BA0 /* Release */ = {
			isa = XCBuildConfiguration;
			buildSettings = {
				ALWAYS_EMBED_SWIFT_STANDARD_LIBRARIES = YES;
				CODE_SIGN_STYLE = Automatic;
				INFOPLIST_FILE = TipCalcUITests/Info.plist;
				LD_RUNPATH_SEARCH_PATHS = (
					"$(inherited)",
					"@executable_path/Frameworks",
					"@loader_path/Frameworks",
				);
				PRODUCT_BUNDLE_IDENTIFIER = com.salas.TipCalcUITests;
				PRODUCT_NAME = "$(TARGET_NAME)";
				SWIFT_VERSION = 5.0;
				TARGETED_DEVICE_FAMILY = "1,2";
				TEST_TARGET_NAME = TipCalc;
			};
			name = Release;
		};
/* End XCBuildConfiguration section */

/* Begin XCConfigurationList section */
		7D01AF1E23DEC72B00E18BA0 /* Build configuration list for PBXProject "TipCalc" */ = {
			isa = XCConfigurationList;
			buildConfigurations = (
				7D01AF4B23DEC72E00E18BA0 /* Debug */,
				7D01AF4C23DEC72E00E18BA0 /* Release */,
			);
			defaultConfigurationIsVisible = 0;
			defaultConfigurationName = Release;
		};
		7D01AF4D23DEC72E00E18BA0 /* Build configuration list for PBXNativeTarget "TipCalc" */ = {
			isa = XCConfigurationList;
			buildConfigurations = (
				7D01AF4E23DEC72E00E18BA0 /* Debug */,
				7D01AF4F23DEC72E00E18BA0 /* Release */,
			);
			defaultConfigurationIsVisible = 0;
			defaultConfigurationName = Release;
		};
		7D01AF5023DEC72E00E18BA0 /* Build configuration list for PBXNativeTarget "TipCalcTests" */ = {
			isa = XCConfigurationList;
			buildConfigurations = (
				7D01AF5123DEC72E00E18BA0 /* Debug */,
				7D01AF5223DEC72E00E18BA0 /* Release */,
			);
			defaultConfigurationIsVisible = 0;
			defaultConfigurationName = Release;
		};
		7D01AF5323DEC72E00E18BA0 /* Build configuration list for PBXNativeTarget "TipCalcUITests" */ = {
			isa = XCConfigurationList;
			buildConfigurations = (
				7D01AF5423DEC72E00E18BA0 /* Debug */,
				7D01AF5523DEC72E00E18BA0 /* Release */,
			);
			defaultConfigurationIsVisible = 0;
			defaultConfigurationName = Release;
		};
/* End XCConfigurationList section */
	};
	rootObject = 7D01AF1B23DEC72B00E18BA0 /* Project object */;
}
